
Microsoft Visual Studio Solution File, Format Version 12.00
# Visual Studio Version 17
VisualStudioVersion = 17.7.34018.315
MinimumVisualStudioVersion = 10.0.40219.1
Project("{FAE04EC0-301F-11D3-BF4B-00C04F79EFBC}") = "virtusl", "virtusl\virtusl.csproj", "{D7AEE4D1-D819-46BE-B2D0-D21C284FB66F}"
EndProject
Global
	GlobalSection(SolutionConfigurationPlatforms) = preSolution
		Debug|Any CPU = Debug|Any CPU
		Release|Any CPU = Release|Any CPU
	EndGlobalSection
	GlobalSection(ProjectConfigurationPlatforms) = postSolution
		{D7AEE4D1-D819-46BE-B2D0-D21C284FB66F}.Debug|Any CPU.ActiveCfg = Debug|Any CPU
		{D7AEE4D1-D819-46BE-B2D0-D21C284FB66F}.Debug|Any CPU.Build.0 = Debug|Any CPU
		{D7AEE4D1-D819-46BE-B2D0-D21C284FB66F}.Release|Any CPU.ActiveCfg = Release|Any CPU
		{D7AEE4D1-D819-46BE-B2D0-D21C284FB66F}.Release|Any CPU.Build.0 = Release|Any CPU
	EndGlobalSection
	GlobalSection(SolutionProperties) = preSolution
		HideSolutionNode = FALSE
	EndGlobalSection
	GlobalSection(ExtensibilityGlobals) = postSolution
		SolutionGuid = {514CD3E5-8F9B-43E3-8392-E9434C1EB73E}
	EndGlobalSection
EndGlobal
